
Microsoft Visual Studio Solution File, Format Version 12.00
# Visual Studio Version 17
VisualStudioVersion = 17.3.32929.385
MinimumVisualStudioVersion = 10.0.40219.1
Project("{9A19103F-16F7-4668-BE54-9A1E7A4F7556}") = "MISA.CUKCUK.API", "MISA.CUKCUK.API\MISA.CUKCUK.API.csproj", "{519BC51F-8FB7-4605-9BD1-A76B0ABBEC40}"
EndProject
Project("{9A19103F-16F7-4668-BE54-9A1E7A4F7556}") = "MISA.CUKCUK.API.Common", "MISA.CUKCUK.API.Common\MISA.CUKCUK.API.Common.csproj", "{E9F69FF2-D50B-4E8D-86FB-2BFF6EAAD2FE}"
EndProject
Project("{FAE04EC0-301F-11D3-BF4B-00C04F79EFBC}") = "MISA.CUKCUK.BL", "MISA.CUKCUK.BL\MISA.CUKCUK.BL.csproj", "{251F09F3-D060-4BC7-B7D8-34594371BF2D}"
EndProject
Project("{FAE04EC0-301F-11D3-BF4B-00C04F79EFBC}") = "MISA.CUKCUK.DL", "MISA.CUKCUK.DL\MISA.CUKCUK.DL.csproj", "{FFF9E647-9E12-4DFB-93DD-9909AC78A2C0}"
EndProject
Global
	GlobalSection(SolutionConfigurationPlatforms) = preSolution
		Debug|Any CPU = Debug|Any CPU
		Release|Any CPU = Release|Any CPU
	EndGlobalSection
	GlobalSection(ProjectConfigurationPlatforms) = postSolution
		{519BC51F-8FB7-4605-9BD1-A76B0ABBEC40}.Debug|Any CPU.ActiveCfg = Debug|Any CPU
		{519BC51F-8FB7-4605-9BD1-A76B0ABBEC40}.Debug|Any CPU.Build.0 = Debug|Any CPU
		{519BC51F-8FB7-4605-9BD1-A76B0ABBEC40}.Release|Any CPU.ActiveCfg = Release|Any CPU
		{519BC51F-8FB7-4605-9BD1-A76B0ABBEC40}.Release|Any CPU.Build.0 = Release|Any CPU
		{E9F69FF2-D50B-4E8D-86FB-2BFF6EAAD2FE}.Debug|Any CPU.ActiveCfg = Debug|Any CPU
		{E9F69FF2-D50B-4E8D-86FB-2BFF6EAAD2FE}.Debug|Any CPU.Build.0 = Debug|Any CPU
		{E9F69FF2-D50B-4E8D-86FB-2BFF6EAAD2FE}.Release|Any CPU.ActiveCfg = Release|Any CPU
		{E9F69FF2-D50B-4E8D-86FB-2BFF6EAAD2FE}.Release|Any CPU.Build.0 = Release|Any CPU
		{251F09F3-D060-4BC7-B7D8-34594371BF2D}.Debug|Any CPU.ActiveCfg = Debug|Any CPU
		{251F09F3-D060-4BC7-B7D8-34594371BF2D}.Debug|Any CPU.Build.0 = Debug|Any CPU
		{251F09F3-D060-4BC7-B7D8-34594371BF2D}.Release|Any CPU.ActiveCfg = Release|Any CPU
		{251F09F3-D060-4BC7-B7D8-34594371BF2D}.Release|Any CPU.Build.0 = Release|Any CPU
		{FFF9E647-9E12-4DFB-93DD-9909AC78A2C0}.Debug|Any CPU.ActiveCfg = Debug|Any CPU
		{FFF9E647-9E12-4DFB-93DD-9909AC78A2C0}.Debug|Any CPU.Build.0 = Debug|Any CPU
		{FFF9E647-9E12-4DFB-93DD-9909AC78A2C0}.Release|Any CPU.ActiveCfg = Release|Any CPU
		{FFF9E647-9E12-4DFB-93DD-9909AC78A2C0}.Release|Any CPU.Build.0 = Release|Any CPU
	EndGlobalSection
	GlobalSection(SolutionProperties) = preSolution
		HideSolutionNode = FALSE
	EndGlobalSection
	GlobalSection(ExtensibilityGlobals) = postSolution
		SolutionGuid = {DE052744-815A-444B-9F2D-6322F4DB1C0C}
	EndGlobalSection
EndGlobal
